// !$*UTF8*$!
{
	archiveVersion = 1;
	classes = {
	};
	objectVersion = 50;
	objects = {

/* Begin PBXBuildFile section */
		EA838FDA2194071B007397FA /* AppDelegate.swift in Sources */ = {isa = PBXBuildFile; fileRef = EA838FD92194071B007397FA /* AppDelegate.swift */; };
		EA838FDC2194071B007397FA /* ViewController.swift in Sources */ = {isa = PBXBuildFile; fileRef = EA838FDB2194071B007397FA /* ViewController.swift */; };
		EA838FDF2194071B007397FA /* Main.storyboard in Resources */ = {isa = PBXBuildFile; fileRef = EA838FDD2194071B007397FA /* Main.storyboard */; };
		EA838FE12194071C007397FA /* Assets.xcassets in Resources */ = {isa = PBXBuildFile; fileRef = EA838FE02194071C007397FA /* Assets.xcassets */; };
		EA838FE42194071C007397FA /* LaunchScreen.storyboard in Resources */ = {isa = PBXBuildFile; fileRef = EA838FE22194071C007397FA /* LaunchScreen.storyboard */; };
		EA838FED219416B3007397FA /* Concentration.swift in Sources */ = {isa = PBXBuildFile; fileRef = EA838FEC219416B3007397FA /* Concentration.swift */; };
		EA838FEF2194179E007397FA /* Card.swift in Sources */ = {isa = PBXBuildFile; fileRef = EA838FEE2194179E007397FA /* Card.swift */; };
/* End PBXBuildFile section */

/* Begin PBXFileReference section */
		EA838FD62194071B007397FA /* Swift_2MVC.app */ = {isa = PBXFileReference; explicitFileType = wrapper.application; includeInIndex = 0; path = Swift_2MVC.app; sourceTree = BUILT_PRODUCTS_DIR; };
		EA838FD92194071B007397FA /* AppDelegate.swift */ = {isa = PBXFileReference; lastKnownFileType = sourcecode.swift; path = AppDelegate.swift; sourceTree = "<group>"; };
		EA838FDB2194071B007397FA /* ViewController.swift */ = {isa = PBXFileReference; lastKnownFileType = sourcecode.swift; path = ViewController.swift; sourceTree = "<group>"; };
		EA838FDE2194071B007397FA /* Base */ = {isa = PBXFileReference; lastKnownFileType = file.storyboard; name = Base; path = Base.lproj/Main.storyboard; sourceTree = "<group>"; };
		EA838FE02194071C007397FA /* Assets.xcassets */ = {isa = PBXFileReference; lastKnownFileType = folder.assetcatalog; path = Assets.xcassets; sourceTree = "<group>"; };
		EA838FE32194071C007397FA /* Base */ = {isa = PBXFileReference; lastKnownFileType = file.storyboard; name = Base; path = Base.lproj/LaunchScreen.storyboard; sourceTree = "<group>"; };
		EA838FE52194071C007397FA /* Info.plist */ = {isa = PBXFileReference; lastKnownFileType = text.plist.xml; path = Info.plist; sourceTree = "<group>"; };
		EA838FEC219416B3007397FA /* Concentration.swift */ = {isa = PBXFileReference; lastKnownFileType = sourcecode.swift; path = Concentration.swift; sourceTree = "<group>"; };
		EA838FEE2194179E007397FA /* Card.swift */ = {isa = PBXFileReference; lastKnownFileType = sourcecode.swift; path = Card.swift; sourceTree = "<group>"; };
/* End PBXFileReference section */

/* Begin PBXFrameworksBuildPhase section */
		EA838FD32194071B007397FA /* Frameworks */ = {
			isa = PBXFrameworksBuildPhase;
			buildActionMask = 2147483647;
			files = (
			);
			runOnlyForDeploymentPostprocessing = 0;
		};
/* End PBXFrameworksBuildPhase section */

/* Begin PBXGroup section */
		EA838FCD2194071B007397FA = {
			isa = PBXGroup;
			children = (
				EA838FD82194071B007397FA /* Swift_2MVC */,
				EA838FD72194071B007397FA /* Products */,
			);
			sourceTree = "<group>";
		};
		EA838FD72194071B007397FA /* Products */ = {
			isa = PBXGroup;
			children = (
				EA838FD62194071B007397FA /* Swift_2MVC.app */,
			);
			name = Products;
			sourceTree = "<group>";
		};
		EA838FD82194071B007397FA /* Swift_2MVC */ = {
			isa = PBXGroup;
			children = (
				EA838FEB21940752007397FA /* SupportingField */,
				EA838FDB2194071B007397FA /* ViewController.swift */,
				EA838FEC219416B3007397FA /* Concentration.swift */,
				EA838FEE2194179E007397FA /* Card.swift */,
				EA838FDD2194071B007397FA /* Main.storyboard */,
				EA838FE52194071C007397FA /* Info.plist */,
			);
			path = Swift_2MVC;
			sourceTree = "<group>";
		};
		EA838FEB21940752007397FA /* SupportingField */ = {
			isa = PBXGroup;
			children = (
				EA838FD92194071B007397FA /* AppDelegate.swift */,
				EA838FE02194071C007397FA /* Assets.xcassets */,
				EA838FE22194071C007397FA /* LaunchScreen.storyboard */,
			);
			path = SupportingField;
			sourceTree = "<group>";
		};
/* End PBXGroup section */

/* Begin PBXNativeTarget section */
		EA838FD52194071B007397FA /* Swift_2MVC */ = {
			isa = PBXNativeTarget;
			buildConfigurationList = EA838FE82194071C007397FA /* Build configuration list for PBXNativeTarget "Swift_2MVC" */;
			buildPhases = (
				EA838FD22194071B007397FA /* Sources */,
				EA838FD32194071B007397FA /* Frameworks */,
				EA838FD42194071B007397FA /* Resources */,
			);
			buildRules = (
			);
			dependencies = (
			);
			name = Swift_2MVC;
			productName = Swift_2MVC;
			productReference = EA838FD62194071B007397FA /* Swift_2MVC.app */;
			productType = "com.apple.product-type.application";
		};
/* End PBXNativeTarget section */

/* Begin PBXProject section */
		EA838FCE2194071B007397FA /* Project object */ = {
			isa = PBXProject;
			attributes = {
				LastSwiftUpdateCheck = 1000;
				LastUpgradeCheck = 1000;
				ORGANIZATIONNAME = quanyoubao;
				TargetAttributes = {
					EA838FD52194071B007397FA = {
						CreatedOnToolsVersion = 10.0;
					};
				};
			};
			buildConfigurationList = EA838FD12194071B007397FA /* Build configuration list for PBXProject "Swift_2MVC" */;
			compatibilityVersion = "Xcode 9.3";
			developmentRegion = en;
			hasScannedForEncodings = 0;
			knownRegions = (
				en,
				Base,
			);
			mainGroup = EA838FCD2194071B007397FA;
			productRefGroup = EA838FD72194071B007397FA /* Products */;
			projectDirPath = "";
			projectRoot = "";
			targets = (
				EA838FD52194071B007397FA /* Swift_2MVC */,
			);
		};
/* End PBXProject section */

/* Begin PBXResourcesBuildPhase section */
		EA838FD42194071B007397FA /* Resources */ = {
			isa = PBXResourcesBuildPhase;
			buildActionMask = 2147483647;
			files = (
				EA838FE42194071C007397FA /* LaunchScreen.storyboard in Resources */,
				EA838FE12194071C007397FA /* Assets.xcassets in Resources */,
				EA838FDF2194071B007397FA /* Main.storyboard in Resources */,
			);
			runOnlyForDeploymentPostprocessing = 0;
		};
/* End PBXResourcesBuildPhase section */

/* Begin PBXSourcesBuildPhase section */
		EA838FD22194071B007397FA /* Sources */ = {
			isa = PBXSourcesBuildPhase;
			buildActionMask = 2147483647;
			files = (
				EA838FDC2194071B007397FA /* ViewController.swift in Sources */,
				EA838FDA2194071B007397FA /* AppDelegate.swift in Sources */,
				EA838FED219416B3007397FA /* Concentration.swift in Sources */,
				EA838FEF2194179E007397FA /* Card.swift in Sources */,
			);
			runOnlyForDeploymentPostprocessing = 0;
		};
/* End PBXSourcesBuildPhase section */

/* Begin PBXVariantGroup section */
		EA838FDD2194071B007397FA /* Main.storyboard */ = {
			isa = PBXVariantGroup;
			children = (
				EA838FDE2194071B007397FA /* Base */,
			);
			name = Main.storyboard;
			sourceTree = "<group>";
		};
		EA838FE22194071C007397FA /* LaunchScreen.storyboard */ = {
			isa = PBXVariantGroup;
			children = (
				EA838FE32194071C007397FA /* Base */,
			);
			name = LaunchScreen.storyboard;
			sourceTree = "<group>";
		};
/* End PBXVariantGroup section */

/* Begin XCBuildConfiguration section */
		EA838FE62194071C007397FA /* Debug */ = {
			isa = XCBuildConfiguration;
			buildSettings = {
				ALWAYS_SEARCH_USER_PATHS = NO;
				CLANG_ANALYZER_NONNULL = YES;
				CLANG_ANALYZER_NUMBER_OBJECT_CONVERSION = YES_AGGRESSIVE;
				CLANG_CXX_LANGUAGE_STANDARD = "gnu++14";
				CLANG_CXX_LIBRARY = "libc++";
				CLANG_ENABLE_MODULES = YES;
				CLANG_ENABLE_OBJC_ARC = YES;
				CLANG_ENABLE_OBJC_WEAK = YES;
				CLANG_WARN_BLOCK_CAPTURE_AUTORELEASING = YES;
				CLANG_WARN_BOOL_CONVERSION = YES;
				CLANG_WARN_COMMA = YES;
				CLANG_WARN_CONSTANT_CONVERSION = YES;
				CLANG_WARN_DEPRECATED_OBJC_IMPLEMENTATIONS = YES;
				CLANG_WARN_DIRECT_OBJC_ISA_USAGE = YES_ERROR;
				CLANG_WARN_DOCUMENTATION_COMMENTS = YES;
				CLANG_WARN_EMPTY_BODY = YES;
				CLANG_WARN_ENUM_CONVERSION = YES;
				CLANG_WARN_INFINITE_RECURSION = YES;
				CLANG_WARN_INT_CONVERSION = YES;
				CLANG_WARN_NON_LITERAL_NULL_CONVERSION = YES;
				CLANG_WARN_OBJC_IMPLICIT_RETAIN_SELF = YES;
				CLANG_WARN_OBJC_LITERAL_CONVERSION = YES;
				CLANG_WARN_OBJC_ROOT_CLASS = YES_ERROR;
				CLANG_WARN_RANGE_LOOP_ANALYSIS = YES;
				CLANG_WARN_STRICT_PROTOTYPES = YES;
				CLANG_WARN_SUSPICIOUS_MOVE = YES;
				CLANG_WARN_UNGUARDED_AVAILABILITY = YES_AGGRESSIVE;
				CLANG_WARN_UNREACHABLE_CODE = YES;
				CLANG_WARN__DUPLICATE_METHOD_MATCH = YES;
				CODE_SIGN_IDENTITY = "iPhone Developer";
				COPY_PHASE_STRIP = NO;
				DEBUG_INFORMATION_FORMAT = dwarf;
				ENABLE_STRICT_OBJC_MSGSEND = YES;
				ENABLE_TESTABILITY = YES;
				GCC_C_LANGUAGE_STANDARD = gnu11;
				GCC_DYNAMIC_NO_PIC = NO;
				GCC_NO_COMMON_BLOCKS = YES;
				GCC_OPTIMIZATION_LEVEL = 0;
				GCC_PREPROCESSOR_DEFINITIONS = (
					"DEBUG=1",
					"$(inherited)",
				);
				GCC_WARN_64_TO_32_BIT_CONVERSION = YES;
				GCC_WARN_ABOUT_RETURN_TYPE = YES_ERROR;
				GCC_WARN_UNDECLARED_SELECTOR = YES;
				GCC_WARN_UNINITIALIZED_AUTOS = YES_AGGRESSIVE;
				GCC_WARN_UNUSED_FUNCTION = YES;
				GCC_WARN_UNUSED_VARIABLE = YES;
				IPHONEOS_DEPLOYMENT_TARGET = 12.0;
				MTL_ENABLE_DEBUG_INFO = INCLUDE_SOURCE;
				MTL_FAST_MATH = YES;
				ONLY_ACTIVE_ARCH = YES;
				SDKROOT = iphoneos;
				SWIFT_ACTIVE_COMPILATION_CONDITIONS = DEBUG;
				SWIFT_OPTIMIZATION_LEVEL = "-Onone";
			};
			name = Debug;
		};
		EA838FE72194071C007397FA /* Release */ = {
			isa = XCBuildConfiguration;
			buildSettings = {
				ALWAYS_SEARCH_USER_PATHS = NO;
				CLANG_ANALYZER_NONNULL = YES;
				CLANG_ANALYZER_NUMBER_OBJECT_CONVERSION = YES_AGGRESSIVE;
				CLANG_CXX_LANGUAGE_STANDARD = "gnu++14";
				CLANG_CXX_LIBRARY = "libc++";
				CLANG_ENABLE_MODULES = YES;
				CLANG_ENABLE_OBJC_ARC = YES;
				CLANG_ENABLE_OBJC_WEAK = YES;
				CLANG_WARN_BLOCK_CAPTURE_AUTORELEASING = YES;
				CLANG_WARN_BOOL_CONVERSION = YES;
				CLANG_WARN_COMMA = YES;
				CLANG_WARN_CONSTANT_CONVERSION = YES;
				CLANG_WARN_DEPRECATED_OBJC_IMPLEMENTATIONS = YES;
				CLANG_WARN_DIRECT_OBJC_ISA_USAGE = YES_ERROR;
				CLANG_WARN_DOCUMENTATION_COMMENTS = YES;
				CLANG_WARN_EMPTY_BODY = YES;
				CLANG_WARN_ENUM_CONVERSION = YES;
				CLANG_WARN_INFINITE_RECURSION = YES;
				CLANG_WARN_INT_CONVERSION = YES;
				CLANG_WARN_NON_LITERAL_NULL_CONVERSION = YES;
				CLANG_WARN_OBJC_IMPLICIT_RETAIN_SELF = YES;
				CLANG_WARN_OBJC_LITERAL_CONVERSION = YES;
				CLANG_WARN_OBJC_ROOT_CLASS = YES_ERROR;
				CLANG_WARN_RANGE_LOOP_ANALYSIS = YES;
				CLANG_WARN_STRICT_PROTOTYPES = YES;
				CLANG_WARN_SUSPICIOUS_MOVE = YES;
				CLANG_WARN_UNGUARDED_AVAILABILITY = YES_AGGRESSIVE;
				CLANG_WARN_UNREACHABLE_CODE = YES;
				CLANG_WARN__DUPLICATE_METHOD_MATCH = YES;
				CODE_SIGN_IDENTITY = "iPhone Developer";
				COPY_PHASE_STRIP = NO;
				DEBUG_INFORMATION_FORMAT = "dwarf-with-dsym";
				ENABLE_NS_ASSERTIONS = NO;
				ENABLE_STRICT_OBJC_MSGSEND = YES;
				GCC_C_LANGUAGE_STANDARD = gnu11;
				GCC_NO_COMMON_BLOCKS = YES;
				GCC_WARN_64_TO_32_BIT_CONVERSION = YES;
				GCC_WARN_ABOUT_RETURN_TYPE = YES_ERROR;
				GCC_WARN_UNDECLARED_SELECTOR = YES;
				GCC_WARN_UNINITIALIZED_AUTOS = YES_AGGRESSIVE;
				GCC_WARN_UNUSED_FUNCTION = YES;
				GCC_WARN_UNUSED_VARIABLE = YES;
				IPHONEOS_DEPLOYMENT_TARGET = 12.0;
				MTL_ENABLE_DEBUG_INFO = NO;
				MTL_FAST_MATH = YES;
				SDKROOT = iphoneos;
				SWIFT_COMPILATION_MODE = wholemodule;
				SWIFT_OPTIMIZATION_LEVEL = "-O";
				VALIDATE_PRODUCT = YES;
			};
			name = Release;
		};
		EA838FE92194071C007397FA /* Debug */ = {
			isa = XCBuildConfiguration;
			buildSettings = {
				ASSETCATALOG_COMPILER_APPICON_NAME = AppIcon;
				CODE_SIGN_STYLE = Automatic;
				DEVELOPMENT_TEAM = 7VNDCR5J8B;
				INFOPLIST_FILE = Swift_2MVC/Info.plist;
				LD_RUNPATH_SEARCH_PATHS = (
					"$(inherited)",
					"@executable_path/Frameworks",
				);
				PRODUCT_BUNDLE_IDENTIFIER = "com.qyb.Swift-2MVC";
				PRODUCT_NAME = "$(TARGET_NAME)";
				SWIFT_VERSION = 4.2;
				TARGETED_DEVICE_FAMILY = "1,2";
			};
			name = Debug;
		};
		EA838FEA2194071C007397FA /* Release */ = {
			isa = XCBuildConfiguration;
			buildSettings = {
				ASSETCATALOG_COMPILER_APPICON_NAME = AppIcon;
				CODE_SIGN_STYLE = Automatic;
				DEVELOPMENT_TEAM = 7VNDCR5J8B;
				INFOPLIST_FILE = Swift_2MVC/Info.plist;
				LD_RUNPATH_SEARCH_PATHS = (
					"$(inherited)",
					"@executable_path/Frameworks",
				);
				PRODUCT_BUNDLE_IDENTIFIER = "com.qyb.Swift-2MVC";
				PRODUCT_NAME = "$(TARGET_NAME)";
				SWIFT_VERSION = 4.2;
				TARGETED_DEVICE_FAMILY = "1,2";
			};
			name = Release;
		};
/* End XCBuildConfiguration section */

/* Begin XCConfigurationList section */
		EA838FD12194071B007397FA /* Build configuration list for PBXProject "Swift_2MVC" */ = {
			isa = XCConfigurationList;
			buildConfigurations = (
				EA838FE62194071C007397FA /* Debug */,
				EA838FE72194071C007397FA /* Release */,
			);
			defaultConfigurationIsVisible = 0;
			defaultConfigurationName = Release;
		};
		EA838FE82194071C007397FA /* Build configuration list for PBXNativeTarget "Swift_2MVC" */ = {
			isa = XCConfigurationList;
			buildConfigurations = (
				EA838FE92194071C007397FA /* Debug */,
				EA838FEA2194071C007397FA /* Release */,
			);
			defaultConfigurationIsVisible = 0;
			defaultConfigurationName = Release;
		};
/* End XCConfigurationList section */
	};
	rootObject = EA838FCE2194071B007397FA /* Project object */;
}
